
Microsoft Visual Studio Solution File, Format Version 12.00
# Visual Studio 15
VisualStudioVersion = 15.0.28307.421
MinimumVisualStudioVersion = 10.0.40219.1
Project("{9A19103F-16F7-4668-BE54-9A1E7A4F7556}") = "KingsOfWar", "KingsOfWar\KingsOfWar.csproj", "{965226E1-C141-41BA-8883-18B36D29AFDE}"
EndProject
Project("{FAE04EC0-301F-11D3-BF4B-00C04F79EFBC}") = "KingsOfWarSpec", "KingsOfWarSpec\KingsOfWarSpec.csproj", "{3743D446-4D32-4729-A816-675B4E746F37}"
EndProject
Global
	GlobalSection(SolutionConfigurationPlatforms) = preSolution
		Debug|Any CPU = Debug|Any CPU
		Release|Any CPU = Release|Any CPU
	EndGlobalSection
	GlobalSection(ProjectConfigurationPlatforms) = postSolution
		{965226E1-C141-41BA-8883-18B36D29AFDE}.Debug|Any CPU.ActiveCfg = Debug|Any CPU
		{965226E1-C141-41BA-8883-18B36D29AFDE}.Debug|Any CPU.Build.0 = Debug|Any CPU
		{965226E1-C141-41BA-8883-18B36D29AFDE}.Release|Any CPU.ActiveCfg = Release|Any CPU
		{965226E1-C141-41BA-8883-18B36D29AFDE}.Release|Any CPU.Build.0 = Release|Any CPU
		{3743D446-4D32-4729-A816-675B4E746F37}.Debug|Any CPU.ActiveCfg = Debug|Any CPU
		{3743D446-4D32-4729-A816-675B4E746F37}.Debug|Any CPU.Build.0 = Debug|Any CPU
		{3743D446-4D32-4729-A816-675B4E746F37}.Release|Any CPU.ActiveCfg = Release|Any CPU
		{3743D446-4D32-4729-A816-675B4E746F37}.Release|Any CPU.Build.0 = Release|Any CPU
	EndGlobalSection
	GlobalSection(SolutionProperties) = preSolution
		HideSolutionNode = FALSE
	EndGlobalSection
	GlobalSection(ExtensibilityGlobals) = postSolution
		SolutionGuid = {2C6F81AB-6010-462E-8FC7-A22C5DB9FBCF}
	EndGlobalSection
EndGlobal
